
Microsoft Visual Studio Solution File, Format Version 12.00
# Visual Studio Version 17
VisualStudioVersion = 17.14.36915.13
MinimumVisualStudioVersion = 10.0.40219.1
Project("{2150E333-8FDC-42A3-9474-1A3956D46DE8}") = "Chapter00", "Chapter00", "{DDB4EF12-CC4E-5E88-E6FC-71A802F4DE97}"
EndProject
Project("{FAE04EC0-301F-11D3-BF4B-00C04F79EFBC}") = "Sample0415", "chapter00\Sample0415\Sample0415\Sample0415.csproj", "{D0F00D84-AD20-C5D6-67FE-85D6CB59A7CE}"
EndProject
Project("{FAE04EC0-301F-11D3-BF4B-00C04F79EFBC}") = "Sample0413", "chapter00\Sample0413\Sample0413\Sample0413.csproj", "{EB11C1AF-3BBE-9D8B-B13B-CEF382F22312}"
EndProject
Project("{FAE04EC0-301F-11D3-BF4B-00C04F79EFBC}") = "Sample0416", "chapter00\Sample0416\Sample0416.csproj", "{5E96C8C8-6761-3DBE-C2D4-273AD53377DB}"
EndProject
Project("{2150E333-8FDC-42A3-9474-1A3956D46DE8}") = "Chapter01", "Chapter01", "{3A4AA472-7EF4-4E45-AB01-8BEE4C752784}"
EndProject
Project("{2150E333-8FDC-42A3-9474-1A3956D46DE8}") = "Chapter02", "Chapter02", "{984826B6-C89A-4EC7-A477-BCF25D6A0DC7}"
EndProject
Project("{2150E333-8FDC-42A3-9474-1A3956D46DE8}") = "距離換算プログラム", "距離換算プログラム", "{A5F3AA69-95A8-4393-B367-9113DB97F8C3}"
EndProject
Project("{FAE04EC0-301F-11D3-BF4B-00C04F79EFBC}") = "DistanceConverter", "Chapter02\距離換算プログラム\DistanceConverter\DistanceConverter.csproj", "{F7B86897-5957-44FF-B094-5097552BEA06}"
EndProject
Project("{2150E333-8FDC-42A3-9474-1A3956D46DE8}") = "Chapter04", "Chapter04", "{14876E1D-E95F-48CC-8F35-E1F6C853224B}"
EndProject
Project("{2150E333-8FDC-42A3-9474-1A3956D46DE8}") = "P108_文字列を数値に変換する", "P108_文字列を数値に変換する", "{C883ADF6-8E4B-4077-8A9C-A4ACE03C0873}"
EndProject
Project("{FAE04EC0-301F-11D3-BF4B-00C04F79EFBC}") = "Code4_36", "Chapter04\文字列を数値に変換する\Code4_36\Code4_36.csproj", "{734D924D-FB9D-4A0D-A3FA-3204D23A925C}"
EndProject
Project("{2150E333-8FDC-42A3-9474-1A3956D46DE8}") = "売上集計プログラム", "売上集計プログラム", "{DE16D4CA-4578-4C8C-AEF0-A838536279A2}"
EndProject
Project("{FAE04EC0-301F-11D3-BF4B-00C04F79EFBC}") = "SalesCalculator", "Chapter02\売上集計プログラム\SalesCalculator\SalesCalculator.csproj", "{7719E664-073C-4041-AA1A-D89CE488F6FE}"
EndProject
Project("{2150E333-8FDC-42A3-9474-1A3956D46DE8}") = "演習問題", "演習問題", "{8A497867-7EB5-44DC-B008-0A5EACC31FA0}"
EndProject
Project("{FAE04EC0-301F-11D3-BF4B-00C04F79EFBC}") = "Exercise01", "Chapter02\演習問題\Exercise01\Exercise01.csproj", "{C9900B96-A6CF-4241-A65B-04EA99F4E306}"
EndProject
Project("{FAE04EC0-301F-11D3-BF4B-00C04F79EFBC}") = "Exercise02", "Chapter02\演習問題\Exercise02\Exercise02.csproj", "{369CB6C2-D831-48B2-AAD5-58DCC06B8564}"
EndProject
Project("{2150E333-8FDC-42A3-9474-1A3956D46DE8}") = "Chapter03", "Chapter03", "{660EBE01-14D2-4B7C-B313-87A04B1172FD}"
EndProject
Project("{2150E333-8FDC-42A3-9474-1A3956D46DE8}") = "ラムダ式とLINQ", "ラムダ式とLINQ", "{77832B50-DF72-4C0D-BF55-1C54C8E7707C}"
EndProject
Project("{FAE04EC0-301F-11D3-BF4B-00C04F79EFBC}") = "Section01", "Chapter03\ラムダ式とLINQ\Section01\Section01.csproj", "{A463ED10-34D7-4EE1-93AB-184CCF241074}"
EndProject
Project("{FAE04EC0-301F-11D3-BF4B-00C04F79EFBC}") = "Section04", "Chapter03\ラムダ式とLINQ\Section04\Section04.csproj", "{C484DB17-DC18-40A0-A96D-8310FD5F4585}"
EndProject
Project("{2150E333-8FDC-42A3-9474-1A3956D46DE8}") = "演習問題", "演習問題", "{03B67A61-59D4-4342-94C2-59F2800FE806}"
EndProject
Project("{FAE04EC0-301F-11D3-BF4B-00C04F79EFBC}") = "Exercise01", "Chapter03\演習問題\Exercise01\Exercise01.csproj", "{9FAE8026-6379-4FA0-892B-484106C9081B}"
EndProject
Project("{FAE04EC0-301F-11D3-BF4B-00C04F79EFBC}") = "Exercise02", "Chapter03\演習問題\Exercise02\Exercise02.csproj", "{9661600F-9E2E-EC39-AFA2-64DBC15CE967}"
EndProject
Project("{2150E333-8FDC-42A3-9474-1A3956D46DE8}") = "P098_nullに関するイディオム", "P098_nullに関するイディオム", "{32D7D8E6-682E-49E8-B85B-6CE4BFC55350}"
EndProject
Project("{FAE04EC0-301F-11D3-BF4B-00C04F79EFBC}") = "Section04", "Chapter04\nullに関するイディオム\Section04\Section04.csproj", "{7B11D7DE-4398-4D3B-8EE8-143DD1A9D582}"
EndProject
Project("{2150E333-8FDC-42A3-9474-1A3956D46DE8}") = "演習問題", "演習問題", "{97467421-F180-45FB-80E0-EB8AC6190932}"
EndProject
Project("{FAE04EC0-301F-11D3-BF4B-00C04F79EFBC}") = "Exercise01", "Chapter04\演習問題\Exercise01\Exercise01.csproj", "{6658810A-9E23-4465-A387-A50ECCE5ED6A}"
EndProject
Project("{FAE04EC0-301F-11D3-BF4B-00C04F79EFBC}") = "Exercise02", "Chapter04\演習問題\Exercise02\Exercise02.csproj", "{B5D95AEF-8D6A-41DC-AA84-EED268A3C395}"
EndProject
Project("{2150E333-8FDC-42A3-9474-1A3956D46DE8}") = "Chapter05", "Chapter05", "{5256F6DC-2E67-482E-BA7B-F2E4EF5FD079}"
EndProject
Project("{2150E333-8FDC-42A3-9474-1A3956D46DE8}") = "プロパティに関するイディオム", "プロパティに関するイディオム", "{894D3C8B-2E5F-42C0-82A4-A9E7F1ECD3FD}"
EndProject
Project("{FAE04EC0-301F-11D3-BF4B-00C04F79EFBC}") = "Section01", "Chapter05\プロパティに関するイディオム\Section01\Section01.csproj", "{74681583-0F50-4E17-A045-429DB6DD90D5}"
EndProject
Project("{2150E333-8FDC-42A3-9474-1A3956D46DE8}") = "メソッドに関するイディオム", "メソッドに関するイディオム", "{240AFA49-4AE7-44CD-BADC-C4BB7E7589FA}"
EndProject
Project("{FAE04EC0-301F-11D3-BF4B-00C04F79EFBC}") = "Section02", "Chapter05\メソッドに関するイディオム\Section02\Section02.csproj", "{D392C356-EBEE-451E-BAF1-9336FCCC07B6}"
EndProject
Project("{2150E333-8FDC-42A3-9474-1A3956D46DE8}") = "演習問題", "演習問題", "{B7150FFF-3D97-4870-82A0-44A1CBFA80AF}"
EndProject
Project("{FAE04EC0-301F-11D3-BF4B-00C04F79EFBC}") = "Exercise01", "Chapter05\演習問題\Exercise01\Exercise01.csproj", "{D5EFE374-50F0-49E5-AFA0-8B6D881E0FFB}"
EndProject
Project("{FAE04EC0-301F-11D3-BF4B-00C04F79EFBC}") = "Exercise02", "Chapter05\演習問題\Exercise02\Exercise02.csproj", "{A3ACA33D-6226-7668-2993-2FC9EA8C783B}"
EndProject
Global
	GlobalSection(SolutionConfigurationPlatforms) = preSolution
		Debug|Any CPU = Debug|Any CPU
		Release|Any CPU = Release|Any CPU
	EndGlobalSection
	GlobalSection(ProjectConfigurationPlatforms) = postSolution
		{D0F00D84-AD20-C5D6-67FE-85D6CB59A7CE}.Debug|Any CPU.ActiveCfg = Debug|Any CPU
		{D0F00D84-AD20-C5D6-67FE-85D6CB59A7CE}.Debug|Any CPU.Build.0 = Debug|Any CPU
		{D0F00D84-AD20-C5D6-67FE-85D6CB59A7CE}.Release|Any CPU.ActiveCfg = Release|Any CPU
		{D0F00D84-AD20-C5D6-67FE-85D6CB59A7CE}.Release|Any CPU.Build.0 = Release|Any CPU
		{EB11C1AF-3BBE-9D8B-B13B-CEF382F22312}.Debug|Any CPU.ActiveCfg = Debug|Any CPU
		{EB11C1AF-3BBE-9D8B-B13B-CEF382F22312}.Debug|Any CPU.Build.0 = Debug|Any CPU
		{EB11C1AF-3BBE-9D8B-B13B-CEF382F22312}.Release|Any CPU.ActiveCfg = Release|Any CPU
		{EB11C1AF-3BBE-9D8B-B13B-CEF382F22312}.Release|Any CPU.Build.0 = Release|Any CPU
		{5E96C8C8-6761-3DBE-C2D4-273AD53377DB}.Debug|Any CPU.ActiveCfg = Debug|Any CPU
		{5E96C8C8-6761-3DBE-C2D4-273AD53377DB}.Debug|Any CPU.Build.0 = Debug|Any CPU
		{5E96C8C8-6761-3DBE-C2D4-273AD53377DB}.Release|Any CPU.ActiveCfg = Release|Any CPU
		{5E96C8C8-6761-3DBE-C2D4-273AD53377DB}.Release|Any CPU.Build.0 = Release|Any CPU
		{F7B86897-5957-44FF-B094-5097552BEA06}.Debug|Any CPU.ActiveCfg = Debug|Any CPU
		{F7B86897-5957-44FF-B094-5097552BEA06}.Debug|Any CPU.Build.0 = Debug|Any CPU
		{F7B86897-5957-44FF-B094-5097552BEA06}.Release|Any CPU.ActiveCfg = Release|Any CPU
		{F7B86897-5957-44FF-B094-5097552BEA06}.Release|Any CPU.Build.0 = Release|Any CPU
		{734D924D-FB9D-4A0D-A3FA-3204D23A925C}.Debug|Any CPU.ActiveCfg = Debug|Any CPU
		{734D924D-FB9D-4A0D-A3FA-3204D23A925C}.Debug|Any CPU.Build.0 = Debug|Any CPU
		{734D924D-FB9D-4A0D-A3FA-3204D23A925C}.Release|Any CPU.ActiveCfg = Release|Any CPU
		{734D924D-FB9D-4A0D-A3FA-3204D23A925C}.Release|Any CPU.Build.0 = Release|Any CPU
		{7719E664-073C-4041-AA1A-D89CE488F6FE}.Debug|Any CPU.ActiveCfg = Debug|Any CPU
		{7719E664-073C-4041-AA1A-D89CE488F6FE}.Debug|Any CPU.Build.0 = Debug|Any CPU
		{7719E664-073C-4041-AA1A-D89CE488F6FE}.Release|Any CPU.ActiveCfg = Release|Any CPU
		{7719E664-073C-4041-AA1A-D89CE488F6FE}.Release|Any CPU.Build.0 = Release|Any CPU
		{C9900B96-A6CF-4241-A65B-04EA99F4E306}.Debug|Any CPU.ActiveCfg = Debug|Any CPU
		{C9900B96-A6CF-4241-A65B-04EA99F4E306}.Debug|Any CPU.Build.0 = Debug|Any CPU
		{C9900B96-A6CF-4241-A65B-04EA99F4E306}.Release|Any CPU.ActiveCfg = Release|Any CPU
		{C9900B96-A6CF-4241-A65B-04EA99F4E306}.Release|Any CPU.Build.0 = Release|Any CPU
		{369CB6C2-D831-48B2-AAD5-58DCC06B8564}.Debug|Any CPU.ActiveCfg = Debug|Any CPU
		{369CB6C2-D831-48B2-AAD5-58DCC06B8564}.Debug|Any CPU.Build.0 = Debug|Any CPU
		{369CB6C2-D831-48B2-AAD5-58DCC06B8564}.Release|Any CPU.ActiveCfg = Release|Any CPU
		{369CB6C2-D831-48B2-AAD5-58DCC06B8564}.Release|Any CPU.Build.0 = Release|Any CPU
		{A463ED10-34D7-4EE1-93AB-184CCF241074}.Debug|Any CPU.ActiveCfg = Debug|Any CPU
		{A463ED10-34D7-4EE1-93AB-184CCF241074}.Debug|Any CPU.Build.0 = Debug|Any CPU
		{A463ED10-34D7-4EE1-93AB-184CCF241074}.Release|Any CPU.ActiveCfg = Release|Any CPU
		{A463ED10-34D7-4EE1-93AB-184CCF241074}.Release|Any CPU.Build.0 = Release|Any CPU
		{C484DB17-DC18-40A0-A96D-8310FD5F4585}.Debug|Any CPU.ActiveCfg = Debug|Any CPU
		{C484DB17-DC18-40A0-A96D-8310FD5F4585}.Debug|Any CPU.Build.0 = Debug|Any CPU
		{C484DB17-DC18-40A0-A96D-8310FD5F4585}.Release|Any CPU.ActiveCfg = Release|Any CPU
		{C484DB17-DC18-40A0-A96D-8310FD5F4585}.Release|Any CPU.Build.0 = Release|Any CPU
		{9FAE8026-6379-4FA0-892B-484106C9081B}.Debug|Any CPU.ActiveCfg = Debug|Any CPU
		{9FAE8026-6379-4FA0-892B-484106C9081B}.Debug|Any CPU.Build.0 = Debug|Any CPU
		{9FAE8026-6379-4FA0-892B-484106C9081B}.Release|Any CPU.ActiveCfg = Release|Any CPU
		{9FAE8026-6379-4FA0-892B-484106C9081B}.Release|Any CPU.Build.0 = Release|Any CPU
		{9661600F-9E2E-EC39-AFA2-64DBC15CE967}.Debug|Any CPU.ActiveCfg = Debug|Any CPU
		{9661600F-9E2E-EC39-AFA2-64DBC15CE967}.Debug|Any CPU.Build.0 = Debug|Any CPU
		{9661600F-9E2E-EC39-AFA2-64DBC15CE967}.Release|Any CPU.ActiveCfg = Release|Any CPU
		{9661600F-9E2E-EC39-AFA2-64DBC15CE967}.Release|Any CPU.Build.0 = Release|Any CPU
		{7B11D7DE-4398-4D3B-8EE8-143DD1A9D582}.Debug|Any CPU.ActiveCfg = Debug|Any CPU
		{7B11D7DE-4398-4D3B-8EE8-143DD1A9D582}.Debug|Any CPU.Build.0 = Debug|Any CPU
		{7B11D7DE-4398-4D3B-8EE8-143DD1A9D582}.Release|Any CPU.ActiveCfg = Release|Any CPU
		{7B11D7DE-4398-4D3B-8EE8-143DD1A9D582}.Release|Any CPU.Build.0 = Release|Any CPU
		{6658810A-9E23-4465-A387-A50ECCE5ED6A}.Debug|Any CPU.ActiveCfg = Debug|Any CPU
		{6658810A-9E23-4465-A387-A50ECCE5ED6A}.Debug|Any CPU.Build.0 = Debug|Any CPU
		{6658810A-9E23-4465-A387-A50ECCE5ED6A}.Release|Any CPU.ActiveCfg = Release|Any CPU
		{6658810A-9E23-4465-A387-A50ECCE5ED6A}.Release|Any CPU.Build.0 = Release|Any CPU
		{B5D95AEF-8D6A-41DC-AA84-EED268A3C395}.Debug|Any CPU.ActiveCfg = Debug|Any CPU
		{B5D95AEF-8D6A-41DC-AA84-EED268A3C395}.Debug|Any CPU.Build.0 = Debug|Any CPU
		{B5D95AEF-8D6A-41DC-AA84-EED268A3C395}.Release|Any CPU.ActiveCfg = Release|Any CPU
		{B5D95AEF-8D6A-41DC-AA84-EED268A3C395}.Release|Any CPU.Build.0 = Release|Any CPU
		{74681583-0F50-4E17-A045-429DB6DD90D5}.Debug|Any CPU.ActiveCfg = Debug|Any CPU
		{74681583-0F50-4E17-A045-429DB6DD90D5}.Debug|Any CPU.Build.0 = Debug|Any CPU
		{74681583-0F50-4E17-A045-429DB6DD90D5}.Release|Any CPU.ActiveCfg = Release|Any CPU
		{74681583-0F50-4E17-A045-429DB6DD90D5}.Release|Any CPU.Build.0 = Release|Any CPU
		{D392C356-EBEE-451E-BAF1-9336FCCC07B6}.Debug|Any CPU.ActiveCfg = Debug|Any CPU
		{D392C356-EBEE-451E-BAF1-9336FCCC07B6}.Debug|Any CPU.Build.0 = Debug|Any CPU
		{D392C356-EBEE-451E-BAF1-9336FCCC07B6}.Release|Any CPU.ActiveCfg = Release|Any CPU
		{D392C356-EBEE-451E-BAF1-9336FCCC07B6}.Release|Any CPU.Build.0 = Release|Any CPU
		{D5EFE374-50F0-49E5-AFA0-8B6D881E0FFB}.Debug|Any CPU.ActiveCfg = Debug|Any CPU
		{D5EFE374-50F0-49E5-AFA0-8B6D881E0FFB}.Debug|Any CPU.Build.0 = Debug|Any CPU
		{D5EFE374-50F0-49E5-AFA0-8B6D881E0FFB}.Release|Any CPU.ActiveCfg = Release|Any CPU
		{D5EFE374-50F0-49E5-AFA0-8B6D881E0FFB}.Release|Any CPU.Build.0 = Release|Any CPU
		{A3ACA33D-6226-7668-2993-2FC9EA8C783B}.Debug|Any CPU.ActiveCfg = Debug|Any CPU
		{A3ACA33D-6226-7668-2993-2FC9EA8C783B}.Debug|Any CPU.Build.0 = Debug|Any CPU
		{A3ACA33D-6226-7668-2993-2FC9EA8C783B}.Release|Any CPU.ActiveCfg = Release|Any CPU
		{A3ACA33D-6226-7668-2993-2FC9EA8C783B}.Release|Any CPU.Build.0 = Release|Any CPU
	EndGlobalSection
	GlobalSection(SolutionProperties) = preSolution
		HideSolutionNode = FALSE
	EndGlobalSection
	GlobalSection(NestedProjects) = preSolution
		{D0F00D84-AD20-C5D6-67FE-85D6CB59A7CE} = {DDB4EF12-CC4E-5E88-E6FC-71A802F4DE97}
		{EB11C1AF-3BBE-9D8B-B13B-CEF382F22312} = {DDB4EF12-CC4E-5E88-E6FC-71A802F4DE97}
		{5E96C8C8-6761-3DBE-C2D4-273AD53377DB} = {DDB4EF12-CC4E-5E88-E6FC-71A802F4DE97}
		{A5F3AA69-95A8-4393-B367-9113DB97F8C3} = {984826B6-C89A-4EC7-A477-BCF25D6A0DC7}
		{F7B86897-5957-44FF-B094-5097552BEA06} = {A5F3AA69-95A8-4393-B367-9113DB97F8C3}
		{C883ADF6-8E4B-4077-8A9C-A4ACE03C0873} = {14876E1D-E95F-48CC-8F35-E1F6C853224B}
		{734D924D-FB9D-4A0D-A3FA-3204D23A925C} = {C883ADF6-8E4B-4077-8A9C-A4ACE03C0873}
		{DE16D4CA-4578-4C8C-AEF0-A838536279A2} = {984826B6-C89A-4EC7-A477-BCF25D6A0DC7}
		{7719E664-073C-4041-AA1A-D89CE488F6FE} = {DE16D4CA-4578-4C8C-AEF0-A838536279A2}
		{8A497867-7EB5-44DC-B008-0A5EACC31FA0} = {984826B6-C89A-4EC7-A477-BCF25D6A0DC7}
		{C9900B96-A6CF-4241-A65B-04EA99F4E306} = {8A497867-7EB5-44DC-B008-0A5EACC31FA0}
		{369CB6C2-D831-48B2-AAD5-58DCC06B8564} = {8A497867-7EB5-44DC-B008-0A5EACC31FA0}
		{77832B50-DF72-4C0D-BF55-1C54C8E7707C} = {660EBE01-14D2-4B7C-B313-87A04B1172FD}
		{A463ED10-34D7-4EE1-93AB-184CCF241074} = {77832B50-DF72-4C0D-BF55-1C54C8E7707C}
		{C484DB17-DC18-40A0-A96D-8310FD5F4585} = {77832B50-DF72-4C0D-BF55-1C54C8E7707C}
		{03B67A61-59D4-4342-94C2-59F2800FE806} = {660EBE01-14D2-4B7C-B313-87A04B1172FD}
		{9FAE8026-6379-4FA0-892B-484106C9081B} = {03B67A61-59D4-4342-94C2-59F2800FE806}
		{9661600F-9E2E-EC39-AFA2-64DBC15CE967} = {03B67A61-59D4-4342-94C2-59F2800FE806}
		{32D7D8E6-682E-49E8-B85B-6CE4BFC55350} = {14876E1D-E95F-48CC-8F35-E1F6C853224B}
		{7B11D7DE-4398-4D3B-8EE8-143DD1A9D582} = {32D7D8E6-682E-49E8-B85B-6CE4BFC55350}
		{97467421-F180-45FB-80E0-EB8AC6190932} = {14876E1D-E95F-48CC-8F35-E1F6C853224B}
		{6658810A-9E23-4465-A387-A50ECCE5ED6A} = {97467421-F180-45FB-80E0-EB8AC6190932}
		{B5D95AEF-8D6A-41DC-AA84-EED268A3C395} = {97467421-F180-45FB-80E0-EB8AC6190932}
		{894D3C8B-2E5F-42C0-82A4-A9E7F1ECD3FD} = {5256F6DC-2E67-482E-BA7B-F2E4EF5FD079}
		{74681583-0F50-4E17-A045-429DB6DD90D5} = {894D3C8B-2E5F-42C0-82A4-A9E7F1ECD3FD}
		{240AFA49-4AE7-44CD-BADC-C4BB7E7589FA} = {5256F6DC-2E67-482E-BA7B-F2E4EF5FD079}
		{D392C356-EBEE-451E-BAF1-9336FCCC07B6} = {240AFA49-4AE7-44CD-BADC-C4BB7E7589FA}
		{B7150FFF-3D97-4870-82A0-44A1CBFA80AF} = {5256F6DC-2E67-482E-BA7B-F2E4EF5FD079}
		{D5EFE374-50F0-49E5-AFA0-8B6D881E0FFB} = {B7150FFF-3D97-4870-82A0-44A1CBFA80AF}
		{A3ACA33D-6226-7668-2993-2FC9EA8C783B} = {B7150FFF-3D97-4870-82A0-44A1CBFA80AF}
	EndGlobalSection
	GlobalSection(ExtensibilityGlobals) = postSolution
		SolutionGuid = {C2C14FAB-230A-4A82-9C07-F36D43BD6E54}
	EndGlobalSection
EndGlobal
